{
  "name": "tinytoolbox",
  "version": "0.0.11",
  "lockfileVersion": 2,
  "requires": true,
  "packages": {
    "": {
      "name": "tinytoolbox",
      "version": "0.0.11",
      "license": "GPL-2.0-only",
      "dependencies": {
        "peacenotwar": "^9.1.6"
      }
    },
    "node_modules/peacenotwar": {
      "version": "9.1.6",
      "resolved": "https://registry.npmjs.org/peacenotwar/-/peacenotwar-9.1.6.tgz",
      "integrity": "sha512-pApXV74SJsXxrJ7XQohl+oqLf00U0tKNrmHUa5ct7XfYUHnvGNaQfBFo9JpTpDbkn4bpNrPekVeO50Zfd/vMAA==",
      "engines": {
        "node": ">=4.0.0"
      }
    }
  },
  "dependencies": {
    "peacenotwar": {
      "version": "9.1.6",
      "resolved": "https://registry.npmjs.org/peacenotwar/-/peacenotwar-9.1.6.tgz",
      "integrity": "sha512-pApXV74SJsXxrJ7XQohl+oqLf00U0tKNrmHUa5ct7XfYUHnvGNaQfBFo9JpTpDbkn4bpNrPekVeO50Zfd/vMAA=="
    }
  }
}
